Microsoft Visual Studio Solution File, Format Version 12.00
# Visual Studio Version 17
VisualStudioVersion = 17.5.2.0
MinimumVisualStudioVersion = 10.0.40219.1
Project("{FAE04EC0-301F-11D3-BF4B-00C04F79EFBC}") = "BuildableAnywhere", "BuildableAnywhere.csproj", "{16223381-36F8-E818-6D51-EE161FCE83C7}"
EndProject
Global
	GlobalSection(SolutionConfigurationPlatforms) = preSolution
		Debug|Any CPU = Debug|Any CPU
		Release|Any CPU = Release|Any CPU
	EndGlobalSection
	GlobalSection(ProjectConfigurationPlatforms) = postSolution
		{16223381-36F8-E818-6D51-EE161FCE83C7}.Debug|Any CPU.ActiveCfg = Debug|Any CPU
		{16223381-36F8-E818-6D51-EE161FCE83C7}.Debug|Any CPU.Build.0 = Debug|Any CPU
		{16223381-36F8-E818-6D51-EE161FCE83C7}.Release|Any CPU.ActiveCfg = Release|Any CPU
		{16223381-36F8-E818-6D51-EE161FCE83C7}.Release|Any CPU.Build.0 = Release|Any CPU
	EndGlobalSection
	GlobalSection(SolutionProperties) = preSolution
		HideSolutionNode = FALSE
	EndGlobalSection
	GlobalSection(ExtensibilityGlobals) = postSolution
		SolutionGuid = {4495272B-66C3-4B40-B4CE-73E2D77C485E}
	EndGlobalSection
EndGlobal
